// !$*UTF8*$!
{
	archiveVersion = 1;
	classes = {
	};
	objectVersion = 50;
	objects = {

/* Begin PBXBuildFile section */
		330CCF0E21D06CC600000924 /* XBAudioRecorderC.swift in Sources */ = {isa = PBXBuildFile; fileRef = 330CCF0D21D06CC600000924 /* XBAudioRecorderC.swift */; };
		330CCF1021D0731000000924 /* XBAudioRecorder.swift in Sources */ = {isa = PBXBuildFile; fileRef = 330CCF0F21D0731000000924 /* XBAudioRecorder.swift */; };
		330CCF1221D0E1CF00000924 /* XBAudioRecorderWeChatC.swift in Sources */ = {isa = PBXBuildFile; fileRef = 330CCF1121D0E1CF00000924 /* XBAudioRecorderWeChatC.swift */; };
		332DBCED21D1BAB400F0B6C2 /* XBVoiceRecordHUD.swift in Sources */ = {isa = PBXBuildFile; fileRef = 332DBCEC21D1BAB400F0B6C2 /* XBVoiceRecordHUD.swift */; };
		332E669F21E863140049D4C7 /* XBCameraViewController.swift in Sources */ = {isa = PBXBuildFile; fileRef = 332E669E21E863140049D4C7 /* XBCameraViewController.swift */; };
		332E66A121E8683D0049D4C7 /* XBCameraControllerDelegate.swift in Sources */ = {isa = PBXBuildFile; fileRef = 332E66A021E8683D0049D4C7 /* XBCameraControllerDelegate.swift */; };
		332E66A321E86E410049D4C7 /* XBCameraController.swift in Sources */ = {isa = PBXBuildFile; fileRef = 332E66A221E86E410049D4C7 /* XBCameraController.swift */; };
		3330931821CE689E00DB337E /* XBSpeechSynthesizer.swift in Sources */ = {isa = PBXBuildFile; fileRef = 3330931721CE689E00DB337E /* XBSpeechSynthesizer.swift */; };
		3330931A21CE6B5600DB337E /* XBAudioSessionProtocol.swift in Sources */ = {isa = PBXBuildFile; fileRef = 3330931921CE6B5600DB337E /* XBAudioSessionProtocol.swift */; };
		3330931C21CE713300DB337E /* XBSpeechSynthesizerC.swift in Sources */ = {isa = PBXBuildFile; fileRef = 3330931B21CE713300DB337E /* XBSpeechSynthesizerC.swift */; };
		33330195223F303B0024A8EA /* XBAudioEngineController.swift in Sources */ = {isa = PBXBuildFile; fileRef = 33330194223F303B0024A8EA /* XBAudioEngineController.swift */; };
		33330199223F6E800024A8EA /* SpectrumView.swift in Sources */ = {isa = PBXBuildFile; fileRef = 33330198223F6E800024A8EA /* SpectrumView.swift */; };
		3333019B223F6EC90024A8EA /* AudioSpectrumPlayer.swift in Sources */ = {isa = PBXBuildFile; fileRef = 3333019A223F6EC90024A8EA /* AudioSpectrumPlayer.swift */; };
		3333019D223F6EE10024A8EA /* RealtimeAnalyzer.swift in Sources */ = {isa = PBXBuildFile; fileRef = 3333019C223F6EE10024A8EA /* RealtimeAnalyzer.swift */; };
		3333019F223F74830024A8EA /* 3.Halcyon - Runaway (Feat. Valentina Franco) (Heuse Remix).mp3 in Resources */ = {isa = PBXBuildFile; fileRef = 3333019E223F74830024A8EA /* 3.Halcyon - Runaway (Feat. Valentina Franco) (Heuse Remix).mp3 */; };
		3334F9B12240DD6600AE5D63 /* XBAVMutableComposition.swift in Sources */ = {isa = PBXBuildFile; fileRef = 3334F9B02240DD6600AE5D63 /* XBAVMutableComposition.swift */; };
		333ED6F021CCCA86009EB829 /* AppDelegate.swift in Sources */ = {isa = PBXBuildFile; fileRef = 333ED6EF21CCCA86009EB829 /* AppDelegate.swift */; };
		333ED6F221CCCA86009EB829 /* ViewController.swift in Sources */ = {isa = PBXBuildFile; fileRef = 333ED6F121CCCA86009EB829 /* ViewController.swift */; };
		333ED6F721CCCA8B009EB829 /* Assets.xcassets in Resources */ = {isa = PBXBuildFile; fileRef = 333ED6F621CCCA8B009EB829 /* Assets.xcassets */; };
		333ED6FA21CCCA8B009EB829 /* LaunchScreen.storyboard in Resources */ = {isa = PBXBuildFile; fileRef = 333ED6F821CCCA8B009EB829 /* LaunchScreen.storyboard */; };
		333ED70521CCCA8B009EB829 /* XBAVFoundationTests.swift in Sources */ = {isa = PBXBuildFile; fileRef = 333ED70421CCCA8B009EB829 /* XBAVFoundationTests.swift */; };
		333ED71221CCCDBD009EB829 /* XBAudioPlayer.swift in Sources */ = {isa = PBXBuildFile; fileRef = 333ED71121CCCDBD009EB829 /* XBAudioPlayer.swift */; };
		333ED71421CCCDDC009EB829 /* XBAudioPlayerC.swift in Sources */ = {isa = PBXBuildFile; fileRef = 333ED71321CCCDDC009EB829 /* XBAudioPlayerC.swift */; };
		333ED71821CCCF3B009EB829 /* 1.mp3 in Resources */ = {isa = PBXBuildFile; fileRef = 333ED71621CCCF3B009EB829 /* 1.mp3 */; };
		333ED71921CCCF3B009EB829 /* 2.mp3 in Resources */ = {isa = PBXBuildFile; fileRef = 333ED71721CCCF3B009EB829 /* 2.mp3 */; };
		33A3633F21EC1E6800D6DE6D /* XBPreviewView.swift in Sources */ = {isa = PBXBuildFile; fileRef = 33A3633E21EC1E6800D6DE6D /* XBPreviewView.swift */; };
		33E2FB0721D318C900A0E099 /* XBAVPlayerC.swift in Sources */ = {isa = PBXBuildFile; fileRef = 33E2FB0621D318C900A0E099 /* XBAVPlayerC.swift */; };
		33E2FB0C21D351AD00A0E099 /* XBPlayerLayer.swift in Sources */ = {isa = PBXBuildFile; fileRef = 33E2FB0B21D351AD00A0E099 /* XBPlayerLayer.swift */; };
		33E2FB0E21D351F500A0E099 /* XBVideoPlayerView.swift in Sources */ = {isa = PBXBuildFile; fileRef = 33E2FB0D21D351F500A0E099 /* XBVideoPlayerView.swift */; };
		33E2FB1321D3575700A0E099 /* DispatchQueue.swift in Sources */ = {isa = PBXBuildFile; fileRef = 33E2FB1221D3575700A0E099 /* DispatchQueue.swift */; };
		33E2FB1521D357DD00A0E099 /* Constant.swift in Sources */ = {isa = PBXBuildFile; fileRef = 33E2FB1421D357DD00A0E099 /* Constant.swift */; };
		33E2FB1721D3586200A0E099 /* XBVideoPlayerTrackProtocol.swift in Sources */ = {isa = PBXBuildFile; fileRef = 33E2FB1621D3586200A0E099 /* XBVideoPlayerTrackProtocol.swift */; };
		33E2FB1921D3588500A0E099 /* XBVideoPlayerEnum.swift in Sources */ = {isa = PBXBuildFile; fileRef = 33E2FB1821D3588500A0E099 /* XBVideoPlayerEnum.swift */; };
		33E2FB1B21D3594800A0E099 /* XBVideoPlayerTrack.swift in Sources */ = {isa = PBXBuildFile; fileRef = 33E2FB1A21D3594800A0E099 /* XBVideoPlayerTrack.swift */; };
		33E2FB1D21D35ACE00A0E099 /* XBVideoPlayer.swift in Sources */ = {isa = PBXBuildFile; fileRef = 33E2FB1C21D35ACE00A0E099 /* XBVideoPlayer.swift */; };
		33E2FB1F21D3640500A0E099 /* XBVideoPlayerDelegate.swift in Sources */ = {isa = PBXBuildFile; fileRef = 33E2FB1E21D3640500A0E099 /* XBVideoPlayerDelegate.swift */; };
		33E2FB2121D3808500A0E099 /* AVPlayerItem+.swift in Sources */ = {isa = PBXBuildFile; fileRef = 33E2FB2021D3808500A0E099 /* AVPlayerItem+.swift */; };
		E03B2796C91D6CAE1B239392 /* Pods_XBAVFoundation.framework in Frameworks */ = {isa = PBXBuildFile; fileRef = 899FFF2A100F4DCEF127F441 /* Pods_XBAVFoundation.framework */; };
/* End PBXBuildFile section */

/* Begin PBXContainerItemProxy section */
		333ED70121CCCA8B009EB829 /* PBXContainerItemProxy */ = {
			isa = PBXContainerItemProxy;
			containerPortal = 333ED6E421CCCA86009EB829 /* Project object */;
			proxyType = 1;
			remoteGlobalIDString = 333ED6EB21CCCA86009EB829;
			remoteInfo = XBAVFoundation;
		};
/* End PBXContainerItemProxy section */

/* Begin PBXFileReference section */
		330CCF0D21D06CC600000924 /* XBAudioRecorderC.swift */ = {isa = PBXFileReference; lastKnownFileType = sourcecode.swift; path = XBAudioRecorderC.swift; sourceTree = "<group>"; };
		330CCF0F21D0731000000924 /* XBAudioRecorder.swift */ = {isa = PBXFileReference; lastKnownFileType = sourcecode.swift; path = XBAudioRecorder.swift; sourceTree = "<group>"; };
		330CCF1121D0E1CF00000924 /* XBAudioRecorderWeChatC.swift */ = {isa = PBXFileReference; lastKnownFileType = sourcecode.swift; path = XBAudioRecorderWeChatC.swift; sourceTree = "<group>"; };
		332DBCEC21D1BAB400F0B6C2 /* XBVoiceRecordHUD.swift */ = {isa = PBXFileReference; lastKnownFileType = sourcecode.swift; path = XBVoiceRecordHUD.swift; sourceTree = "<group>"; };
		332E669E21E863140049D4C7 /* XBCameraViewController.swift */ = {isa = PBXFileReference; lastKnownFileType = sourcecode.swift; path = XBCameraViewController.swift; sourceTree = "<group>"; };
		332E66A021E8683D0049D4C7 /* XBCameraControllerDelegate.swift */ = {isa = PBXFileReference; lastKnownFileType = sourcecode.swift; path = XBCameraControllerDelegate.swift; sourceTree = "<group>"; };
		332E66A221E86E410049D4C7 /* XBCameraController.swift */ = {isa = PBXFileReference; lastKnownFileType = sourcecode.swift; path = XBCameraController.swift; sourceTree = "<group>"; };
		3330931721CE689E00DB337E /* XBSpeechSynthesizer.swift */ = {isa = PBXFileReference; lastKnownFileType = sourcecode.swift; path = XBSpeechSynthesizer.swift; sourceTree = "<group>"; };
		3330931921CE6B5600DB337E /* XBAudioSessionProtocol.swift */ = {isa = PBXFileReference; lastKnownFileType = sourcecode.swift; path = XBAudioSessionProtocol.swift; sourceTree = "<group>"; };
		3330931B21CE713300DB337E /* XBSpeechSynthesizerC.swift */ = {isa = PBXFileReference; lastKnownFileType = sourcecode.swift; path = XBSpeechSynthesizerC.swift; sourceTree = "<group>"; };
		33330194223F303B0024A8EA /* XBAudioEngineController.swift */ = {isa = PBXFileReference; lastKnownFileType = sourcecode.swift; path = XBAudioEngineController.swift; sourceTree = "<group>"; };
		33330198223F6E800024A8EA /* SpectrumView.swift */ = {isa = PBXFileReference; lastKnownFileType = sourcecode.swift; path = SpectrumView.swift; sourceTree = "<group>"; };
		3333019A223F6EC90024A8EA /* AudioSpectrumPlayer.swift */ = {isa = PBXFileReference; lastKnownFileType = sourcecode.swift; path = AudioSpectrumPlayer.swift; sourceTree = "<group>"; };
		3333019C223F6EE10024A8EA /* RealtimeAnalyzer.swift */ = {isa = PBXFileReference; lastKnownFileType = sourcecode.swift; path = RealtimeAnalyzer.swift; sourceTree = "<group>"; };
		3333019E223F74830024A8EA /* 3.Halcyon - Runaway (Feat. Valentina Franco) (Heuse Remix).mp3 */ = {isa = PBXFileReference; lastKnownFileType = audio.mp3; path = "3.Halcyon - Runaway (Feat. Valentina Franco) (Heuse Remix).mp3"; sourceTree = "<group>"; };
		3334F9B02240DD6600AE5D63 /* XBAVMutableComposition.swift */ = {isa = PBXFileReference; lastKnownFileType = sourcecode.swift; path = XBAVMutableComposition.swift; sourceTree = "<group>"; };
		333ED6EC21CCCA86009EB829 /* XBAVFoundation.app */ = {isa = PBXFileReference; explicitFileType = wrapper.application; includeInIndex = 0; path = XBAVFoundation.app; sourceTree = BUILT_PRODUCTS_DIR; };
		333ED6EF21CCCA86009EB829 /* AppDelegate.swift */ = {isa = PBXFileReference; lastKnownFileType = sourcecode.swift; path = AppDelegate.swift; sourceTree = "<group>"; };
		333ED6F121CCCA86009EB829 /* ViewController.swift */ = {isa = PBXFileReference; lastKnownFileType = sourcecode.swift; path = ViewController.swift; sourceTree = "<group>"; };
		333ED6F621CCCA8B009EB829 /* Assets.xcassets */ = {isa = PBXFileReference; lastKnownFileType = folder.assetcatalog; path = Assets.xcassets; sourceTree = "<group>"; };
		333ED6F921CCCA8B009EB829 /* Base */ = {isa = PBXFileReference; lastKnownFileType = file.storyboard; name = Base; path = Base.lproj/LaunchScreen.storyboard; sourceTree = "<group>"; };
		333ED6FB21CCCA8B009EB829 /* Info.plist */ = {isa = PBXFileReference; lastKnownFileType = text.plist.xml; path = Info.plist; sourceTree = "<group>"; };
		333ED70021CCCA8B009EB829 /* XBAVFoundationTests.xctest */ = {isa = PBXFileReference; explicitFileType = wrapper.cfbundle; includeInIndex = 0; path = XBAVFoundationTests.xctest; sourceTree = BUILT_PRODUCTS_DIR; };
		333ED70421CCCA8B009EB829 /* XBAVFoundationTests.swift */ = {isa = PBXFileReference; lastKnownFileType = sourcecode.swift; path = XBAVFoundationTests.swift; sourceTree = "<group>"; };
		333ED70621CCCA8B009EB829 /* Info.plist */ = {isa = PBXFileReference; lastKnownFileType = text.plist.xml; path = Info.plist; sourceTree = "<group>"; };
		333ED71121CCCDBD009EB829 /* XBAudioPlayer.swift */ = {isa = PBXFileReference; lastKnownFileType = sourcecode.swift; path = XBAudioPlayer.swift; sourceTree = "<group>"; };
		333ED71321CCCDDC009EB829 /* XBAudioPlayerC.swift */ = {isa = PBXFileReference; lastKnownFileType = sourcecode.swift; path = XBAudioPlayerC.swift; sourceTree = "<group>"; };
		333ED71621CCCF3B009EB829 /* 1.mp3 */ = {isa = PBXFileReference; lastKnownFileType = audio.mp3; path = 1.mp3; sourceTree = "<group>"; };
		333ED71721CCCF3B009EB829 /* 2.mp3 */ = {isa = PBXFileReference; lastKnownFileType = audio.mp3; path = 2.mp3; sourceTree = "<group>"; };
		33A3633E21EC1E6800D6DE6D /* XBPreviewView.swift */ = {isa = PBXFileReference; lastKnownFileType = sourcecode.swift; path = XBPreviewView.swift; sourceTree = "<group>"; };
		33E2FB0621D318C900A0E099 /* XBAVPlayerC.swift */ = {isa = PBXFileReference; lastKnownFileType = sourcecode.swift; path = XBAVPlayerC.swift; sourceTree = "<group>"; };
		33E2FB0B21D351AD00A0E099 /* XBPlayerLayer.swift */ = {isa = PBXFileReference; lastKnownFileType = sourcecode.swift; path = XBPlayerLayer.swift; sourceTree = "<group>"; };
		33E2FB0D21D351F500A0E099 /* XBVideoPlayerView.swift */ = {isa = PBXFileReference; lastKnownFileType = sourcecode.swift; path = XBVideoPlayerView.swift; sourceTree = "<group>"; };
		33E2FB1221D3575700A0E099 /* DispatchQueue.swift */ = {isa = PBXFileReference; lastKnownFileType = sourcecode.swift; path = DispatchQueue.swift; sourceTree = "<group>"; };
		33E2FB1421D357DD00A0E099 /* Constant.swift */ = {isa = PBXFileReference; lastKnownFileType = sourcecode.swift; path = Constant.swift; sourceTree = "<group>"; };
		33E2FB1621D3586200A0E099 /* XBVideoPlayerTrackProtocol.swift */ = {isa = PBXFileReference; lastKnownFileType = sourcecode.swift; path = XBVideoPlayerTrackProtocol.swift; sourceTree = "<group>"; };
		33E2FB1821D3588500A0E099 /* XBVideoPlayerEnum.swift */ = {isa = PBXFileReference; lastKnownFileType = sourcecode.swift; path = XBVideoPlayerEnum.swift; sourceTree = "<group>"; };
		33E2FB1A21D3594800A0E099 /* XBVideoPlayerTrack.swift */ = {isa = PBXFileReference; lastKnownFileType = sourcecode.swift; path = XBVideoPlayerTrack.swift; sourceTree = "<group>"; };
		33E2FB1C21D35ACE00A0E099 /* XBVideoPlayer.swift */ = {isa = PBXFileReference; lastKnownFileType = sourcecode.swift; path = XBVideoPlayer.swift; sourceTree = "<group>"; };
		33E2FB1E21D3640500A0E099 /* XBVideoPlayerDelegate.swift */ = {isa = PBXFileReference; lastKnownFileType = sourcecode.swift; path = XBVideoPlayerDelegate.swift; sourceTree = "<group>"; };
		33E2FB2021D3808500A0E099 /* AVPlayerItem+.swift */ = {isa = PBXFileReference; lastKnownFileType = sourcecode.swift; path = "AVPlayerItem+.swift"; sourceTree = "<group>"; };
		899FFF2A100F4DCEF127F441 /* Pods_XBAVFoundation.framework */ = {isa = PBXFileReference; explicitFileType = wrapper.framework; includeInIndex = 0; path = Pods_XBAVFoundation.framework; sourceTree = BUILT_PRODUCTS_DIR; };
		D63FFEAA81A78EA37E133E52 /* Pods-XBAVFoundation.release.xcconfig */ = {isa = PBXFileReference; includeInIndex = 1; lastKnownFileType = text.xcconfig; name = "Pods-XBAVFoundation.release.xcconfig"; path = "Target Support Files/Pods-XBAVFoundation/Pods-XBAVFoundation.release.xcconfig"; sourceTree = "<group>"; };
		DA4D5710811C57DA534B706C /* Pods-XBAVFoundation.debug.xcconfig */ = {isa = PBXFileReference; includeInIndex = 1; lastKnownFileType = text.xcconfig; name = "Pods-XBAVFoundation.debug.xcconfig"; path = "Target Support Files/Pods-XBAVFoundation/Pods-XBAVFoundation.debug.xcconfig"; sourceTree = "<group>"; };
/* End PBXFileReference section */

/* Begin PBXFrameworksBuildPhase section */
		333ED6E921CCCA86009EB829 /* Frameworks */ = {
			isa = PBXFrameworksBuildPhase;
			buildActionMask = 2147483647;
			files = (
				E03B2796C91D6CAE1B239392 /* Pods_XBAVFoundation.framework in Frameworks */,
			);
			runOnlyForDeploymentPostprocessing = 0;
		};
		333ED6FD21CCCA8B009EB829 /* Frameworks */ = {
			isa = PBXFrameworksBuildPhase;
			buildActionMask = 2147483647;
			files = (
			);
			runOnlyForDeploymentPostprocessing = 0;
		};
/* End PBXFrameworksBuildPhase section */

/* Begin PBXGroup section */
		317DC98962C622B9BF27439C /* Pods */ = {
			isa = PBXGroup;
			children = (
				DA4D5710811C57DA534B706C /* Pods-XBAVFoundation.debug.xcconfig */,
				D63FFEAA81A78EA37E133E52 /* Pods-XBAVFoundation.release.xcconfig */,
			);
			path = Pods;
			sourceTree = "<group>";
		};
		332E669D21E861E70049D4C7 /* AVCaptureSession */ = {
			isa = PBXGroup;
			children = (
				332E66A021E8683D0049D4C7 /* XBCameraControllerDelegate.swift */,
				332E66A221E86E410049D4C7 /* XBCameraController.swift */,
				332E669E21E863140049D4C7 /* XBCameraViewController.swift */,
				33A3633E21EC1E6800D6DE6D /* XBPreviewView.swift */,
			);
			path = AVCaptureSession;
			sourceTree = "<group>";
		};
		3330931621CE685200DB337E /* AVSpeechSynthesizer */ = {
			isa = PBXGroup;
			children = (
				3330931721CE689E00DB337E /* XBSpeechSynthesizer.swift */,
				3330931B21CE713300DB337E /* XBSpeechSynthesizerC.swift */,
			);
			path = AVSpeechSynthesizer;
			sourceTree = "<group>";
		};
		3330931D21CE781B00DB337E /* AVAudioRecorder */ = {
			isa = PBXGroup;
			children = (
				330CCF0F21D0731000000924 /* XBAudioRecorder.swift */,
				330CCF0D21D06CC600000924 /* XBAudioRecorderC.swift */,
				330CCF1121D0E1CF00000924 /* XBAudioRecorderWeChatC.swift */,
				332DBCEC21D1BAB400F0B6C2 /* XBVoiceRecordHUD.swift */,
			);
			path = AVAudioRecorder;
			sourceTree = "<group>";
		};
		33330193223F2F360024A8EA /* AVAudioEngine */ = {
			isa = PBXGroup;
			children = (
				33330194223F303B0024A8EA /* XBAudioEngineController.swift */,
				33330198223F6E800024A8EA /* SpectrumView.swift */,
				3333019A223F6EC90024A8EA /* AudioSpectrumPlayer.swift */,
				3333019C223F6EE10024A8EA /* RealtimeAnalyzer.swift */,
			);
			path = AVAudioEngine;
			sourceTree = "<group>";
		};
		3334F9AF2240D50B00AE5D63 /* AVMutableComposition */ = {
			isa = PBXGroup;
			children = (
				3334F9B02240DD6600AE5D63 /* XBAVMutableComposition.swift */,
			);
			path = AVMutableComposition;
			sourceTree = "<group>";
		};
		333ED6E321CCCA86009EB829 = {
			isa = PBXGroup;
			children = (
				333ED6EE21CCCA86009EB829 /* XBAVFoundation */,
				333ED70321CCCA8B009EB829 /* XBAVFoundationTests */,
				333ED6ED21CCCA86009EB829 /* Products */,
				317DC98962C622B9BF27439C /* Pods */,
				37F71CCD1297F6070D57B740 /* Frameworks */,
			);
			sourceTree = "<group>";
		};
		333ED6ED21CCCA86009EB829 /* Products */ = {
			isa = PBXGroup;
			children = (
				333ED6EC21CCCA86009EB829 /* XBAVFoundation.app */,
				333ED70021CCCA8B009EB829 /* XBAVFoundationTests.xctest */,
			);
			name = Products;
			sourceTree = "<group>";
		};
		333ED6EE21CCCA86009EB829 /* XBAVFoundation */ = {
			isa = PBXGroup;
			children = (
				333ED71521CCCF15009EB829 /* Resource */,
				333ED70F21CCCC0A009EB829 /* Classes */,
				333ED6EF21CCCA86009EB829 /* AppDelegate.swift */,
				333ED6F121CCCA86009EB829 /* ViewController.swift */,
				333ED6F621CCCA8B009EB829 /* Assets.xcassets */,
				333ED6F821CCCA8B009EB829 /* LaunchScreen.storyboard */,
				333ED6FB21CCCA8B009EB829 /* Info.plist */,
			);
			path = XBAVFoundation;
			sourceTree = "<group>";
		};
		333ED70321CCCA8B009EB829 /* XBAVFoundationTests */ = {
			isa = PBXGroup;
			children = (
				333ED70421CCCA8B009EB829 /* XBAVFoundationTests.swift */,
				333ED70621CCCA8B009EB829 /* Info.plist */,
			);
			path = XBAVFoundationTests;
			sourceTree = "<group>";
		};
		333ED70F21CCCC0A009EB829 /* Classes */ = {
			isa = PBXGroup;
			children = (
				3330931921CE6B5600DB337E /* XBAudioSessionProtocol.swift */,
				3330931621CE685200DB337E /* AVSpeechSynthesizer */,
				333ED71021CCCD9E009EB829 /* AVAudioPlayer */,
				3330931D21CE781B00DB337E /* AVAudioRecorder */,
				33E2FB0521D3189D00A0E099 /* AVPlayer */,
				332E669D21E861E70049D4C7 /* AVCaptureSession */,
				33330193223F2F360024A8EA /* AVAudioEngine */,
				3334F9AF2240D50B00AE5D63 /* AVMutableComposition */,
			);
			path = Classes;
			sourceTree = "<group>";
		};
		333ED71021CCCD9E009EB829 /* AVAudioPlayer */ = {
			isa = PBXGroup;
			children = (
				333ED71121CCCDBD009EB829 /* XBAudioPlayer.swift */,
				333ED71321CCCDDC009EB829 /* XBAudioPlayerC.swift */,
			);
			path = AVAudioPlayer;
			sourceTree = "<group>";
		};
		333ED71521CCCF15009EB829 /* Resource */ = {
			isa = PBXGroup;
			children = (
				3333019E223F74830024A8EA /* 3.Halcyon - Runaway (Feat. Valentina Franco) (Heuse Remix).mp3 */,
				333ED71621CCCF3B009EB829 /* 1.mp3 */,
				333ED71721CCCF3B009EB829 /* 2.mp3 */,
			);
			path = Resource;
			sourceTree = "<group>";
		};
		33E2FB0521D3189D00A0E099 /* AVPlayer */ = {
			isa = PBXGroup;
			children = (
				33E2FB1121D3572500A0E099 /* Utility */,
				33E2FB0A21D319B000A0E099 /* C */,
				33E2FB0921D319AC00A0E099 /* V */,
				33E2FB0821D319A500A0E099 /* M */,
				33E2FB0621D318C900A0E099 /* XBAVPlayerC.swift */,
			);
			path = AVPlayer;
			sourceTree = "<group>";
		};
		33E2FB0821D319A500A0E099 /* M */ = {
			isa = PBXGroup;
			children = (
				33E2FB1621D3586200A0E099 /* XBVideoPlayerTrackProtocol.swift */,
				33E2FB1821D3588500A0E099 /* XBVideoPlayerEnum.swift */,
				33E2FB1A21D3594800A0E099 /* XBVideoPlayerTrack.swift */,
			);
			path = M;
			sourceTree = "<group>";
		};
		33E2FB0921D319AC00A0E099 /* V */ = {
			isa = PBXGroup;
			children = (
				33E2FB0B21D351AD00A0E099 /* XBPlayerLayer.swift */,
				33E2FB0D21D351F500A0E099 /* XBVideoPlayerView.swift */,
			);
			path = V;
			sourceTree = "<group>";
		};
		33E2FB0A21D319B000A0E099 /* C */ = {
			isa = PBXGroup;
			children = (
				33E2FB1C21D35ACE00A0E099 /* XBVideoPlayer.swift */,
				33E2FB1E21D3640500A0E099 /* XBVideoPlayerDelegate.swift */,
			);
			path = C;
			sourceTree = "<group>";
		};
		33E2FB1121D3572500A0E099 /* Utility */ = {
			isa = PBXGroup;
			children = (
				33E2FB1221D3575700A0E099 /* DispatchQueue.swift */,
				33E2FB1421D357DD00A0E099 /* Constant.swift */,
				33E2FB2021D3808500A0E099 /* AVPlayerItem+.swift */,
			);
			path = Utility;
			sourceTree = "<group>";
		};
		37F71CCD1297F6070D57B740 /* Frameworks */ = {
			isa = PBXGroup;
			children = (
				899FFF2A100F4DCEF127F441 /* Pods_XBAVFoundation.framework */,
			);
			name = Frameworks;
			sourceTree = "<group>";
		};
/* End PBXGroup section */

/* Begin PBXNativeTarget section */
		333ED6EB21CCCA86009EB829 /* XBAVFoundation */ = {
			isa = PBXNativeTarget;
			buildConfigurationList = 333ED70921CCCA8B009EB829 /* Build configuration list for PBXNativeTarget "XBAVFoundation" */;
			buildPhases = (
				30465B255A41D89B69531386 /* [CP] Check Pods Manifest.lock */,
				333ED6E821CCCA86009EB829 /* Sources */,
				333ED6E921CCCA86009EB829 /* Frameworks */,
				333ED6EA21CCCA86009EB829 /* Resources */,
				0A6B48CD020C0038FA9A4CA2 /* [CP] Embed Pods Frameworks */,
			);
			buildRules = (
			);
			dependencies = (
			);
			name = XBAVFoundation;
			productName = XBAVFoundation;
			productReference = 333ED6EC21CCCA86009EB829 /* XBAVFoundation.app */;
			productType = "com.apple.product-type.application";
		};
		333ED6FF21CCCA8B009EB829 /* XBAVFoundationTests */ = {
			isa = PBXNativeTarget;
			buildConfigurationList = 333ED70C21CCCA8B009EB829 /* Build configuration list for PBXNativeTarget "XBAVFoundationTests" */;
			buildPhases = (
				333ED6FC21CCCA8B009EB829 /* Sources */,
				333ED6FD21CCCA8B009EB829 /* Frameworks */,
				333ED6FE21CCCA8B009EB829 /* Resources */,
			);
			buildRules = (
			);
			dependencies = (
				333ED70221CCCA8B009EB829 /* PBXTargetDependency */,
			);
			name = XBAVFoundationTests;
			productName = XBAVFoundationTests;
			productReference = 333ED70021CCCA8B009EB829 /* XBAVFoundationTests.xctest */;
			productType = "com.apple.product-type.bundle.unit-test";
		};
/* End PBXNativeTarget section */

/* Begin PBXProject section */
		333ED6E421CCCA86009EB829 /* Project object */ = {
			isa = PBXProject;
			attributes = {
				LastSwiftUpdateCheck = 1010;
				LastUpgradeCheck = 1010;
				ORGANIZATIONNAME = Sky;
				TargetAttributes = {
					333ED6EB21CCCA86009EB829 = {
						CreatedOnToolsVersion = 10.1;
						SystemCapabilities = {
							com.apple.BackgroundModes = {
								enabled = 1;
							};
						};
					};
					333ED6FF21CCCA8B009EB829 = {
						CreatedOnToolsVersion = 10.1;
						TestTargetID = 333ED6EB21CCCA86009EB829;
					};
				};
			};
			buildConfigurationList = 333ED6E721CCCA86009EB829 /* Build configuration list for PBXProject "XBAVFoundation" */;
			compatibilityVersion = "Xcode 9.3";
			developmentRegion = en;
			hasScannedForEncodings = 0;
			knownRegions = (
				en,
				Base,
			);
			mainGroup = 333ED6E321CCCA86009EB829;
			productRefGroup = 333ED6ED21CCCA86009EB829 /* Products */;
			projectDirPath = "";
			projectRoot = "";
			targets = (
				333ED6EB21CCCA86009EB829 /* XBAVFoundation */,
				333ED6FF21CCCA8B009EB829 /* XBAVFoundationTests */,
			);
		};
/* End PBXProject section */

/* Begin PBXResourcesBuildPhase section */
		333ED6EA21CCCA86009EB829 /* Resources */ = {
			isa = PBXResourcesBuildPhase;
			buildActionMask = 2147483647;
			files = (
				333ED71821CCCF3B009EB829 /* 1.mp3 in Resources */,
				333ED71921CCCF3B009EB829 /* 2.mp3 in Resources */,
				333ED6FA21CCCA8B009EB829 /* LaunchScreen.storyboard in Resources */,
				333ED6F721CCCA8B009EB829 /* Assets.xcassets in Resources */,
				3333019F223F74830024A8EA /* 3.Halcyon - Runaway (Feat. Valentina Franco) (Heuse Remix).mp3 in Resources */,
			);
			runOnlyForDeploymentPostprocessing = 0;
		};
		333ED6FE21CCCA8B009EB829 /* Resources */ = {
			isa = PBXResourcesBuildPhase;
			buildActionMask = 2147483647;
			files = (
			);
			runOnlyForDeploymentPostprocessing = 0;
		};
/* End PBXResourcesBuildPhase section */

/* Begin PBXShellScriptBuildPhase section */
		0A6B48CD020C0038FA9A4CA2 /* [CP] Embed Pods Frameworks */ = {
			isa = PBXShellScriptBuildPhase;
			buildActionMask = 2147483647;
			files = (
			);
			inputFileListPaths = (
			);
			inputPaths = (
				"${PODS_ROOT}/Target Support Files/Pods-XBAVFoundation/Pods-XBAVFoundation-frameworks.sh",
				"${BUILT_PRODUCTS_DIR}/SnapKit/SnapKit.framework",
			);
			name = "[CP] Embed Pods Frameworks";
			outputFileListPaths = (
			);
			outputPaths = (
				"${TARGET_BUILD_DIR}/${FRAMEWORKS_FOLDER_PATH}/SnapKit.framework",
			);
			runOnlyForDeploymentPostprocessing = 0;
			shellPath = /bin/sh;
			shellScript = "\"${PODS_ROOT}/Target Support Files/Pods-XBAVFoundation/Pods-XBAVFoundation-frameworks.sh\"\n";
			showEnvVarsInLog = 0;
		};
		30465B255A41D89B69531386 /* [CP] Check Pods Manifest.lock */ = {
			isa = PBXShellScriptBuildPhase;
			buildActionMask = 2147483647;
			files = (
			);
			inputFileListPaths = (
			);
			inputPaths = (
				"${PODS_PODFILE_DIR_PATH}/Podfile.lock",
				"${PODS_ROOT}/Manifest.lock",
			);
			name = "[CP] Check Pods Manifest.lock";
			outputFileListPaths = (
			);
			outputPaths = (
				"$(DERIVED_FILE_DIR)/Pods-XBAVFoundation-checkManifestLockResult.txt",
			);
			runOnlyForDeploymentPostprocessing = 0;
			shellPath = /bin/sh;
			shellScript = "diff \"${PODS_PODFILE_DIR_PATH}/Podfile.lock\" \"${PODS_ROOT}/Manifest.lock\" > /dev/null\nif [ $? != 0 ] ; then\n    # print error to STDERR\n    echo \"error: The sandbox is not in sync with the Podfile.lock. Run 'pod install' or update your CocoaPods installation.\" >&2\n    exit 1\nfi\n# This output is used by Xcode 'outputs' to avoid re-running this script phase.\necho \"SUCCESS\" > \"${SCRIPT_OUTPUT_FILE_0}\"\n";
			showEnvVarsInLog = 0;
		};
/* End PBXShellScriptBuildPhase section */

/* Begin PBXSourcesBuildPhase section */
		333ED6E821CCCA86009EB829 /* Sources */ = {
			isa = PBXSourcesBuildPhase;
			buildActionMask = 2147483647;
			files = (
				333ED6F221CCCA86009EB829 /* ViewController.swift in Sources */,
				33330195223F303B0024A8EA /* XBAudioEngineController.swift in Sources */,
				332DBCED21D1BAB400F0B6C2 /* XBVoiceRecordHUD.swift in Sources */,
				33330199223F6E800024A8EA /* SpectrumView.swift in Sources */,
				332E66A121E8683D0049D4C7 /* XBCameraControllerDelegate.swift in Sources */,
				332E669F21E863140049D4C7 /* XBCameraViewController.swift in Sources */,
				3330931A21CE6B5600DB337E /* XBAudioSessionProtocol.swift in Sources */,
				3330931C21CE713300DB337E /* XBSpeechSynthesizerC.swift in Sources */,
				33E2FB1921D3588500A0E099 /* XBVideoPlayerEnum.swift in Sources */,
				33E2FB1721D3586200A0E099 /* XBVideoPlayerTrackProtocol.swift in Sources */,
				3330931821CE689E00DB337E /* XBSpeechSynthesizer.swift in Sources */,
				3334F9B12240DD6600AE5D63 /* XBAVMutableComposition.swift in Sources */,
				33E2FB2121D3808500A0E099 /* AVPlayerItem+.swift in Sources */,
				333ED71221CCCDBD009EB829 /* XBAudioPlayer.swift in Sources */,
				33A3633F21EC1E6800D6DE6D /* XBPreviewView.swift in Sources */,
				33E2FB1F21D3640500A0E099 /* XBVideoPlayerDelegate.swift in Sources */,
				333ED6F021CCCA86009EB829 /* AppDelegate.swift in Sources */,
				33E2FB1B21D3594800A0E099 /* XBVideoPlayerTrack.swift in Sources */,
				33E2FB1321D3575700A0E099 /* DispatchQueue.swift in Sources */,
				332E66A321E86E410049D4C7 /* XBCameraController.swift in Sources */,
				330CCF1221D0E1CF00000924 /* XBAudioRecorderWeChatC.swift in Sources */,
				3333019D223F6EE10024A8EA /* RealtimeAnalyzer.swift in Sources */,
				3333019B223F6EC90024A8EA /* AudioSpectrumPlayer.swift in Sources */,
				33E2FB1521D357DD00A0E099 /* Constant.swift in Sources */,
				33E2FB1D21D35ACE00A0E099 /* XBVideoPlayer.swift in Sources */,
				33E2FB0E21D351F500A0E099 /* XBVideoPlayerView.swift in Sources */,
				330CCF1021D0731000000924 /* XBAudioRecorder.swift in Sources */,
				33E2FB0C21D351AD00A0E099 /* XBPlayerLayer.swift in Sources */,
				330CCF0E21D06CC600000924 /* XBAudioRecorderC.swift in Sources */,
				333ED71421CCCDDC009EB829 /* XBAudioPlayerC.swift in Sources */,
				33E2FB0721D318C900A0E099 /* XBAVPlayerC.swift in Sources */,
			);
			runOnlyForDeploymentPostprocessing = 0;
		};
		333ED6FC21CCCA8B009EB829 /* Sources */ = {
			isa = PBXSourcesBuildPhase;
			buildActionMask = 2147483647;
			files = (
				333ED70521CCCA8B009EB829 /* XBAVFoundationTests.swift in Sources */,
			);
			runOnlyForDeploymentPostprocessing = 0;
		};
/* End PBXSourcesBuildPhase section */

/* Begin PBXTargetDependency section */
		333ED70221CCCA8B009EB829 /* PBXTargetDependency */ = {
			isa = PBXTargetDependency;
			target = 333ED6EB21CCCA86009EB829 /* XBAVFoundation */;
			targetProxy = 333ED70121CCCA8B009EB829 /* PBXContainerItemProxy */;
		};
/* End PBXTargetDependency section */

/* Begin PBXVariantGroup section */
		333ED6F821CCCA8B009EB829 /* LaunchScreen.storyboard */ = {
			isa = PBXVariantGroup;
			children = (
				333ED6F921CCCA8B009EB829 /* Base */,
			);
			name = LaunchScreen.storyboard;
			sourceTree = "<group>";
		};
/* End PBXVariantGroup section */

/* Begin XCBuildConfiguration section */
		333ED70721CCCA8B009EB829 /* Debug */ = {
			isa = XCBuildConfiguration;
			buildSettings = {
				ALWAYS_SEARCH_USER_PATHS = NO;
				CLANG_ANALYZER_NONNULL = YES;
				CLANG_ANALYZER_NUMBER_OBJECT_CONVERSION = YES_AGGRESSIVE;
				CLANG_CXX_LANGUAGE_STANDARD = "gnu++14";
				CLANG_CXX_LIBRARY = "libc++";
				CLANG_ENABLE_MODULES = YES;
				CLANG_ENABLE_OBJC_ARC = YES;
				CLANG_ENABLE_OBJC_WEAK = YES;
				CLANG_WARN_BLOCK_CAPTURE_AUTORELEASING = YES;
				CLANG_WARN_BOOL_CONVERSION = YES;
				CLANG_WARN_COMMA = YES;
				CLANG_WARN_CONSTANT_CONVERSION = YES;
				CLANG_WARN_DEPRECATED_OBJC_IMPLEMENTATIONS = YES;
				CLANG_WARN_DIRECT_OBJC_ISA_USAGE = YES_ERROR;
				CLANG_WARN_DOCUMENTATION_COMMENTS = YES;
				CLANG_WARN_EMPTY_BODY = YES;
				CLANG_WARN_ENUM_CONVERSION = YES;
				CLANG_WARN_INFINITE_RECURSION = YES;
				CLANG_WARN_INT_CONVERSION = YES;
				CLANG_WARN_NON_LITERAL_NULL_CONVERSION = YES;
				CLANG_WARN_OBJC_IMPLICIT_RETAIN_SELF = YES;
				CLANG_WARN_OBJC_LITERAL_CONVERSION = YES;
				CLANG_WARN_OBJC_ROOT_CLASS = YES_ERROR;
				CLANG_WARN_RANGE_LOOP_ANALYSIS = YES;
				CLANG_WARN_STRICT_PROTOTYPES = YES;
				CLANG_WARN_SUSPICIOUS_MOVE = YES;
				CLANG_WARN_UNGUARDED_AVAILABILITY = YES_AGGRESSIVE;
				CLANG_WARN_UNREACHABLE_CODE = YES;
				CLANG_WARN__DUPLICATE_METHOD_MATCH = YES;
				CODE_SIGN_IDENTITY = "iPhone Developer";
				COPY_PHASE_STRIP = NO;
				DEBUG_INFORMATION_FORMAT = dwarf;
				ENABLE_STRICT_OBJC_MSGSEND = YES;
				ENABLE_TESTABILITY = YES;
				GCC_C_LANGUAGE_STANDARD = gnu11;
				GCC_DYNAMIC_NO_PIC = NO;
				GCC_NO_COMMON_BLOCKS = YES;
				GCC_OPTIMIZATION_LEVEL = 0;
				GCC_PREPROCESSOR_DEFINITIONS = (
					"DEBUG=1",
					"$(inherited)",
				);
				GCC_WARN_64_TO_32_BIT_CONVERSION = YES;
				GCC_WARN_ABOUT_RETURN_TYPE = YES_ERROR;
				GCC_WARN_UNDECLARED_SELECTOR = YES;
				GCC_WARN_UNINITIALIZED_AUTOS = YES_AGGRESSIVE;
				GCC_WARN_UNUSED_FUNCTION = YES;
				GCC_WARN_UNUSED_VARIABLE = YES;
				IPHONEOS_DEPLOYMENT_TARGET = 12.1;
				MTL_ENABLE_DEBUG_INFO = INCLUDE_SOURCE;
				MTL_FAST_MATH = YES;
				ONLY_ACTIVE_ARCH = YES;
				SDKROOT = iphoneos;
				SWIFT_ACTIVE_COMPILATION_CONDITIONS = DEBUG;
				SWIFT_OPTIMIZATION_LEVEL = "-Onone";
			};
			name = Debug;
		};
		333ED70821CCCA8B009EB829 /* Release */ = {
			isa = XCBuildConfiguration;
			buildSettings = {
				ALWAYS_SEARCH_USER_PATHS = NO;
				CLANG_ANALYZER_NONNULL = YES;
				CLANG_ANALYZER_NUMBER_OBJECT_CONVERSION = YES_AGGRESSIVE;
				CLANG_CXX_LANGUAGE_STANDARD = "gnu++14";
				CLANG_CXX_LIBRARY = "libc++";
				CLANG_ENABLE_MODULES = YES;
				CLANG_ENABLE_OBJC_ARC = YES;
				CLANG_ENABLE_OBJC_WEAK = YES;
				CLANG_WARN_BLOCK_CAPTURE_AUTORELEASING = YES;
				CLANG_WARN_BOOL_CONVERSION = YES;
				CLANG_WARN_COMMA = YES;
				CLANG_WARN_CONSTANT_CONVERSION = YES;
				CLANG_WARN_DEPRECATED_OBJC_IMPLEMENTATIONS = YES;
				CLANG_WARN_DIRECT_OBJC_ISA_USAGE = YES_ERROR;
				CLANG_WARN_DOCUMENTATION_COMMENTS = YES;
				CLANG_WARN_EMPTY_BODY = YES;
				CLANG_WARN_ENUM_CONVERSION = YES;
				CLANG_WARN_INFINITE_RECURSION = YES;
				CLANG_WARN_INT_CONVERSION = YES;
				CLANG_WARN_NON_LITERAL_NULL_CONVERSION = YES;
				CLANG_WARN_OBJC_IMPLICIT_RETAIN_SELF = YES;
				CLANG_WARN_OBJC_LITERAL_CONVERSION = YES;
				CLANG_WARN_OBJC_ROOT_CLASS = YES_ERROR;
				CLANG_WARN_RANGE_LOOP_ANALYSIS = YES;
				CLANG_WARN_STRICT_PROTOTYPES = YES;
				CLANG_WARN_SUSPICIOUS_MOVE = YES;
				CLANG_WARN_UNGUARDED_AVAILABILITY = YES_AGGRESSIVE;
				CLANG_WARN_UNREACHABLE_CODE = YES;
				CLANG_WARN__DUPLICATE_METHOD_MATCH = YES;
				CODE_SIGN_IDENTITY = "iPhone Developer";
				COPY_PHASE_STRIP = NO;
				DEBUG_INFORMATION_FORMAT = "dwarf-with-dsym";
				ENABLE_NS_ASSERTIONS = NO;
				ENABLE_STRICT_OBJC_MSGSEND = YES;
				GCC_C_LANGUAGE_STANDARD = gnu11;
				GCC_NO_COMMON_BLOCKS = YES;
				GCC_WARN_64_TO_32_BIT_CONVERSION = YES;
				GCC_WARN_ABOUT_RETURN_TYPE = YES_ERROR;
				GCC_WARN_UNDECLARED_SELECTOR = YES;
				GCC_WARN_UNINITIALIZED_AUTOS = YES_AGGRESSIVE;
				GCC_WARN_UNUSED_FUNCTION = YES;
				GCC_WARN_UNUSED_VARIABLE = YES;
				IPHONEOS_DEPLOYMENT_TARGET = 12.1;
				MTL_ENABLE_DEBUG_INFO = NO;
				MTL_FAST_MATH = YES;
				SDKROOT = iphoneos;
				SWIFT_COMPILATION_MODE = wholemodule;
				SWIFT_OPTIMIZATION_LEVEL = "-O";
				VALIDATE_PRODUCT = YES;
			};
			name = Release;
		};
		333ED70A21CCCA8B009EB829 /* Debug */ = {
			isa = XCBuildConfiguration;
			baseConfigurationReference = DA4D5710811C57DA534B706C /* Pods-XBAVFoundation.debug.xcconfig */;
			buildSettings = {
				ASSETCATALOG_COMPILER_APPICON_NAME = AppIcon;
				CODE_SIGN_STYLE = Automatic;
				DEVELOPMENT_TEAM = BU9U9E5458;
				INFOPLIST_FILE = XBAVFoundation/Info.plist;
				IPHONEOS_DEPLOYMENT_TARGET = 9.0;
				LD_RUNPATH_SEARCH_PATHS = (
					"$(inherited)",
					"@executable_path/Frameworks",
				);
				PRODUCT_BUNDLE_IDENTIFIER = com.mike.XBAVFoundation;
				PRODUCT_NAME = "$(TARGET_NAME)";
				SWIFT_VERSION = 4.2;
				TARGETED_DEVICE_FAMILY = "1,2";
			};
			name = Debug;
		};
		333ED70B21CCCA8B009EB829 /* Release */ = {
			isa = XCBuildConfiguration;
			baseConfigurationReference = D63FFEAA81A78EA37E133E52 /* Pods-XBAVFoundation.release.xcconfig */;
			buildSettings = {
				ASSETCATALOG_COMPILER_APPICON_NAME = AppIcon;
				CODE_SIGN_STYLE = Automatic;
				DEVELOPMENT_TEAM = BU9U9E5458;
				INFOPLIST_FILE = XBAVFoundation/Info.plist;
				IPHONEOS_DEPLOYMENT_TARGET = 9.0;
				LD_RUNPATH_SEARCH_PATHS = (
					"$(inherited)",
					"@executable_path/Frameworks",
				);
				PRODUCT_BUNDLE_IDENTIFIER = com.mike.XBAVFoundation;
				PRODUCT_NAME = "$(TARGET_NAME)";
				SWIFT_VERSION = 4.2;
				TARGETED_DEVICE_FAMILY = "1,2";
			};
			name = Release;
		};
		333ED70D21CCCA8B009EB829 /* Debug */ = {
			isa = XCBuildConfiguration;
			buildSettings = {
				ALWAYS_EMBED_SWIFT_STANDARD_LIBRARIES = YES;
				BUNDLE_LOADER = "$(TEST_HOST)";
				CODE_SIGN_STYLE = Automatic;
				DEVELOPMENT_TEAM = BU9U9E5458;
				INFOPLIST_FILE = XBAVFoundationTests/Info.plist;
				LD_RUNPATH_SEARCH_PATHS = (
					"$(inherited)",
					"@executable_path/Frameworks",
					"@loader_path/Frameworks",
				);
				PRODUCT_BUNDLE_IDENTIFIER = com.mike.XBAVFoundationTests;
				PRODUCT_NAME = "$(TARGET_NAME)";
				SWIFT_VERSION = 4.2;
				TARGETED_DEVICE_FAMILY = "1,2";
				TEST_HOST = "$(BUILT_PRODUCTS_DIR)/XBAVFoundation.app/XBAVFoundation";
			};
			name = Debug;
		};
		333ED70E21CCCA8B009EB829 /* Release */ = {
			isa = XCBuildConfiguration;
			buildSettings = {
				ALWAYS_EMBED_SWIFT_STANDARD_LIBRARIES = YES;
				BUNDLE_LOADER = "$(TEST_HOST)";
				CODE_SIGN_STYLE = Automatic;
				DEVELOPMENT_TEAM = BU9U9E5458;
				INFOPLIST_FILE = XBAVFoundationTests/Info.plist;
				LD_RUNPATH_SEARCH_PATHS = (
					"$(inherited)",
					"@executable_path/Frameworks",
					"@loader_path/Frameworks",
				);
				PRODUCT_BUNDLE_IDENTIFIER = com.mike.XBAVFoundationTests;
				PRODUCT_NAME = "$(TARGET_NAME)";
				SWIFT_VERSION = 4.2;
				TARGETED_DEVICE_FAMILY = "1,2";
				TEST_HOST = "$(BUILT_PRODUCTS_DIR)/XBAVFoundation.app/XBAVFoundation";
			};
			name = Release;
		};
/* End XCBuildConfiguration section */

/* Begin XCConfigurationList section */
		333ED6E721CCCA86009EB829 /* Build configuration list for PBXProject "XBAVFoundation" */ = {
			isa = XCConfigurationList;
			buildConfigurations = (
				333ED70721CCCA8B009EB829 /* Debug */,
				333ED70821CCCA8B009EB829 /* Release */,
			);
			defaultConfigurationIsVisible = 0;
			defaultConfigurationName = Release;
		};
		333ED70921CCCA8B009EB829 /* Build configuration list for PBXNativeTarget "XBAVFoundation" */ = {
			isa = XCConfigurationList;
			buildConfigurations = (
				333ED70A21CCCA8B009EB829 /* Debug */,
				333ED70B21CCCA8B009EB829 /* Release */,
			);
			defaultConfigurationIsVisible = 0;
			defaultConfigurationName = Release;
		};
		333ED70C21CCCA8B009EB829 /* Build configuration list for PBXNativeTarget "XBAVFoundationTests" */ = {
			isa = XCConfigurationList;
			buildConfigurations = (
				333ED70D21CCCA8B009EB829 /* Debug */,
				333ED70E21CCCA8B009EB829 /* Release */,
			);
			defaultConfigurationIsVisible = 0;
			defaultConfigurationName = Release;
		};
/* End XCConfigurationList section */
	};
	rootObject = 333ED6E421CCCA86009EB829 /* Project object */;
}
